
Microsoft Visual Studio Solution File, Format Version 12.00
# 
Project("{FAE04EC0-301F-11D3-BF4B-00C04F79EFBC}") = "PipelogiqSDK", "src\Pipelogiq.Sdk\PipelogiqSDK.csproj", "{1D68826E-95C2-42C3-ADB8-D9B82EC3C6F0}"
EndProject
Project("{2150E333-8FDC-42A3-9474-1A3956D46DE8}") = "tests", "tests", "{2A0AA61A-3B7C-493E-B528-5E4B31A64C2C}"
EndProject
Project("{FAE04EC0-301F-11D3-BF4B-00C04F79EFBC}") = "Pipelogiq.Sdk.Tests", "tests\Pipelogiq.Sdk.Tests\Pipelogiq.Sdk.Tests.csproj", "{140D06AA-4082-4324-B290-645777C33AC2}"
EndProject
Global
	GlobalSection(SolutionConfigurationPlatforms) = preSolution
		Debug|Any CPU = Debug|Any CPU
		Release|Any CPU = Release|Any CPU
	EndGlobalSection
	GlobalSection(ProjectConfigurationPlatforms) = postSolution
		{1D68826E-95C2-42C3-ADB8-D9B82EC3C6F0}.Debug|Any CPU.ActiveCfg = Debug|Any CPU
		{1D68826E-95C2-42C3-ADB8-D9B82EC3C6F0}.Debug|Any CPU.Build.0 = Debug|Any CPU
		{1D68826E-95C2-42C3-ADB8-D9B82EC3C6F0}.Release|Any CPU.ActiveCfg = Release|Any CPU
		{1D68826E-95C2-42C3-ADB8-D9B82EC3C6F0}.Release|Any CPU.Build.0 = Release|Any CPU
		{140D06AA-4082-4324-B290-645777C33AC2}.Debug|Any CPU.ActiveCfg = Debug|Any CPU
		{140D06AA-4082-4324-B290-645777C33AC2}.Debug|Any CPU.Build.0 = Debug|Any CPU
		{140D06AA-4082-4324-B290-645777C33AC2}.Release|Any CPU.ActiveCfg = Release|Any CPU
		{140D06AA-4082-4324-B290-645777C33AC2}.Release|Any CPU.Build.0 = Release|Any CPU
	EndGlobalSection
	GlobalSection(NestedProjects) = preSolution
		{140D06AA-4082-4324-B290-645777C33AC2} = {2A0AA61A-3B7C-493E-B528-5E4B31A64C2C}
	EndGlobalSection
EndGlobal
